
Microsoft Visual Studio Solution File, Format Version 12.00
# Visual Studio Version 16
VisualStudioVersion = 16.0.32602.291
MinimumVisualStudioVersion = 10.0.40219.1
Project("{2150E333-8FDC-42A3-9474-1A3956D46DE8}") = "Chapter 2", "Chapter 2", "{002BBA3B-8F9D-4DC9-A59A-4DDDED88E620}"
EndProject
Project("{8BC9CEB8-8B4A-11D0-8D11-00A0C91BC942}") = "Challenge 1", "Chapter 2\Challenge 1\Challenge 1.vcxproj", "{56CC1E32-4644-48D4-9208-244D512E9AF9}"
EndProject
Project("{8BC9CEB8-8B4A-11D0-8D11-00A0C91BC942}") = "Challenge 2", "Chapter 2\Challenge 2\Challenge 2.vcxproj", "{E2A89A0C-42B2-4168-AC15-10DE8715B7B1}"
EndProject
Project("{8BC9CEB8-8B4A-11D0-8D11-00A0C91BC942}") = "Challenge 1", "Chapter 3\Challenge 1\Challenge 1.vcxproj", "{ABFC55F1-1D98-4511-9A33-B2F7713A49DA}"
EndProject
Project("{2150E333-8FDC-42A3-9474-1A3956D46DE8}") = "Chapter 3", "Chapter 3", "{EACDBA6D-4F6B-43B0-A753-1552B1492346}"
EndProject
Project("{8BC9CEB8-8B4A-11D0-8D11-00A0C91BC942}") = "Challenge 2", "Chapter 3\Challenge 2\Challenge 2.vcxproj", "{9159CDDA-7E3E-4086-B0F9-1A550A918679}"
EndProject
Project("{8BC9CEB8-8B4A-11D0-8D11-00A0C91BC942}") = "Challenge 3", "Chapter 3\Challenge 3\Challenge 3.vcxproj", "{C003458D-DD3C-43D6-A87C-58496D7EFBAE}"
EndProject
Global
	GlobalSection(SolutionConfigurationPlatforms) = preSolution
		Debug|x64 = Debug|x64
		Debug|x86 = Debug|x86
		Release|x64 = Release|x64
		Release|x86 = Release|x86
	EndGlobalSection
	GlobalSection(ProjectConfigurationPlatforms) = postSolution
		{56CC1E32-4644-48D4-9208-244D512E9AF9}.Debug|x64.ActiveCfg = Debug|x64
		{56CC1E32-4644-48D4-9208-244D512E9AF9}.Debug|x64.Build.0 = Debug|x64
		{56CC1E32-4644-48D4-9208-244D512E9AF9}.Debug|x86.ActiveCfg = Debug|Win32
		{56CC1E32-4644-48D4-9208-244D512E9AF9}.Debug|x86.Build.0 = Debug|Win32
		{56CC1E32-4644-48D4-9208-244D512E9AF9}.Release|x64.ActiveCfg = Release|x64
		{56CC1E32-4644-48D4-9208-244D512E9AF9}.Release|x64.Build.0 = Release|x64
		{56CC1E32-4644-48D4-9208-244D512E9AF9}.Release|x86.ActiveCfg = Release|Win32
		{56CC1E32-4644-48D4-9208-244D512E9AF9}.Release|x86.Build.0 = Release|Win32
		{E2A89A0C-42B2-4168-AC15-10DE8715B7B1}.Debug|x64.ActiveCfg = Debug|x64
		{E2A89A0C-42B2-4168-AC15-10DE8715B7B1}.Debug|x64.Build.0 = Debug|x64
		{E2A89A0C-42B2-4168-AC15-10DE8715B7B1}.Debug|x86.ActiveCfg = Debug|Win32
		{E2A89A0C-42B2-4168-AC15-10DE8715B7B1}.Debug|x86.Build.0 = Debug|Win32
		{E2A89A0C-42B2-4168-AC15-10DE8715B7B1}.Release|x64.ActiveCfg = Release|x64
		{E2A89A0C-42B2-4168-AC15-10DE8715B7B1}.Release|x64.Build.0 = Release|x64
		{E2A89A0C-42B2-4168-AC15-10DE8715B7B1}.Release|x86.ActiveCfg = Release|Win32
		{E2A89A0C-42B2-4168-AC15-10DE8715B7B1}.Release|x86.Build.0 = Release|Win32
		{ABFC55F1-1D98-4511-9A33-B2F7713A49DA}.Debug|x64.ActiveCfg = Debug|x64
		{ABFC55F1-1D98-4511-9A33-B2F7713A49DA}.Debug|x64.Build.0 = Debug|x64
		{ABFC55F1-1D98-4511-9A33-B2F7713A49DA}.Debug|x86.ActiveCfg = Debug|Win32
		{ABFC55F1-1D98-4511-9A33-B2F7713A49DA}.Debug|x86.Build.0 = Debug|Win32
		{ABFC55F1-1D98-4511-9A33-B2F7713A49DA}.Release|x64.ActiveCfg = Release|x64
		{ABFC55F1-1D98-4511-9A33-B2F7713A49DA}.Release|x64.Build.0 = Release|x64
		{ABFC55F1-1D98-4511-9A33-B2F7713A49DA}.Release|x86.ActiveCfg = Release|Win32
		{ABFC55F1-1D98-4511-9A33-B2F7713A49DA}.Release|x86.Build.0 = Release|Win32
		{9159CDDA-7E3E-4086-B0F9-1A550A918679}.Debug|x64.ActiveCfg = Debug|x64
		{9159CDDA-7E3E-4086-B0F9-1A550A918679}.Debug|x64.Build.0 = Debug|x64
		{9159CDDA-7E3E-4086-B0F9-1A550A918679}.Debug|x86.ActiveCfg = Debug|Win32
		{9159CDDA-7E3E-4086-B0F9-1A550A918679}.Debug|x86.Build.0 = Debug|Win32
		{9159CDDA-7E3E-4086-B0F9-1A550A918679}.Release|x64.ActiveCfg = Release|x64
		{9159CDDA-7E3E-4086-B0F9-1A550A918679}.Release|x64.Build.0 = Release|x64
		{9159CDDA-7E3E-4086-B0F9-1A550A918679}.Release|x86.ActiveCfg = Release|Win32
		{9159CDDA-7E3E-4086-B0F9-1A550A918679}.Release|x86.Build.0 = Release|Win32
		{C003458D-DD3C-43D6-A87C-58496D7EFBAE}.Debug|x64.ActiveCfg = Debug|x64
		{C003458D-DD3C-43D6-A87C-58496D7EFBAE}.Debug|x64.Build.0 = Debug|x64
		{C003458D-DD3C-43D6-A87C-58496D7EFBAE}.Debug|x86.ActiveCfg = Debug|Win32
		{C003458D-DD3C-43D6-A87C-58496D7EFBAE}.Debug|x86.Build.0 = Debug|Win32
		{C003458D-DD3C-43D6-A87C-58496D7EFBAE}.Release|x64.ActiveCfg = Release|x64
		{C003458D-DD3C-43D6-A87C-58496D7EFBAE}.Release|x64.Build.0 = Release|x64
		{C003458D-DD3C-43D6-A87C-58496D7EFBAE}.Release|x86.ActiveCfg = Release|Win32
		{C003458D-DD3C-43D6-A87C-58496D7EFBAE}.Release|x86.Build.0 = Release|Win32
	EndGlobalSection
	GlobalSection(SolutionProperties) = preSolution
		HideSolutionNode = FALSE
	EndGlobalSection
	GlobalSection(NestedProjects) = preSolution
		{56CC1E32-4644-48D4-9208-244D512E9AF9} = {002BBA3B-8F9D-4DC9-A59A-4DDDED88E620}
		{E2A89A0C-42B2-4168-AC15-10DE8715B7B1} = {002BBA3B-8F9D-4DC9-A59A-4DDDED88E620}
		{ABFC55F1-1D98-4511-9A33-B2F7713A49DA} = {EACDBA6D-4F6B-43B0-A753-1552B1492346}
		{9159CDDA-7E3E-4086-B0F9-1A550A918679} = {EACDBA6D-4F6B-43B0-A753-1552B1492346}
		{C003458D-DD3C-43D6-A87C-58496D7EFBAE} = {EACDBA6D-4F6B-43B0-A753-1552B1492346}
	EndGlobalSection
	GlobalSection(ExtensibilityGlobals) = postSolution
		SolutionGuid = {3DE5D587-D845-402E-85BA-B61BC3F3E864}
	EndGlobalSection
EndGlobal
